{
    "name": "cms-system",
    "version": "1.0.0",
    "lockfileVersion": 1,
    "requires": true,
    "dependencies": {
        "@types/bson": {
            "version": "4.0.3",
            "resolved": "https://registry.npmjs.org/@types/bson/-/bson-4.0.3.tgz",
            "integrity": "sha512-mVRvYnTOZJz3ccpxhr3wgxVmSeiYinW+zlzQz3SXWaJmD1DuL05Jeq7nKw3SnbKmbleW5qrLG5vdyWe/A9sXhw==",
            "requires": {
                "@types/node": "*"
            }
        },
        "@types/mongodb": {
            "version": "3.6.8",
            "resolved": "https://registry.npmjs.org/@types/mongodb/-/mongodb-3.6.8.tgz",
            "integrity": "sha512-8qNbL5/GFrljXc/QijcuQcUMYZ1iWNcqnJ6tneROwbfU0LsAjQ9bmq3aHi5lWXM4cyBPd2F/n9INAk/pZZttHw==",
            "requires": {
                "@types/bson": "*",
                "@types/node": "*"
            }
        },
        "@types/node": {
            "version": "14.14.31",
            "resolved": "https://registry.npmjs.org/@types/node/-/node-14.14.31.tgz",
            "integrity": "sha512-vFHy/ezP5qI0rFgJ7aQnjDXwAMrG0KqqIH7tQG5PPv3BWBayOPIQNBjVc/P6hhdZfMx51REc6tfDNXHUio893g=="
        },
        "base64-js": {
            "version": "1.5.1",
            "resolved": "https://registry.npmjs.org/base64-js/-/base64-js-1.5.1.tgz",
            "integrity": "sha512-AKpaYlHn8t4SVbOHCy+b5+KKgvR4vrsD8vbvrbiQJps7fKDTkjkDry6ji0rUJjC0kzbNePLwzxq8iypo41qeWA=="
        },
        "bl": {
            "version": "2.2.1",
            "resolved": "https://registry.npmjs.org/bl/-/bl-2.2.1.tgz",
            "integrity": "sha512-6Pesp1w0DEX1N550i/uGV/TqucVL4AM/pgThFSN/Qq9si1/DF9aIHs1BxD8V/QU0HoeHO6cQRTAuYnLPKq1e4g==",
            "requires": {
                "readable-stream": "^2.3.5",
                "safe-buffer": "^5.1.1"
            }
        },
        "bluebird": {
            "version": "3.5.1",
            "resolved": "https://registry.npmjs.org/bluebird/-/bluebird-3.5.1.tgz",
            "integrity": "sha512-MKiLiV+I1AA596t9w1sQJ8jkiSr5+ZKi0WKrYGUn6d1Fx+Ij4tIj+m2WMQSGczs5jZVxV339chE8iwk6F64wjA=="
        },
        "bson": {
            "version": "1.1.5",
            "resolved": "https://registry.npmjs.org/bson/-/bson-1.1.5.tgz",
            "integrity": "sha512-kDuEzldR21lHciPQAIulLs1LZlCXdLziXI6Mb/TDkwXhb//UORJNPXgcRs2CuO4H0DcMkpfT3/ySsP3unoZjBg=="
        },
        "buffer": {
            "version": "5.7.1",
            "resolved": "https://registry.npmjs.org/buffer/-/buffer-5.7.1.tgz",
            "integrity": "sha512-EHcyIPBQ4BSGlvjB16k5KgAJ27CIsHY/2JBmCRReo48y9rQ3MaUzWX3KVlBa4U7MyX02HdVj0K7C3WaB3ju7FQ==",
            "requires": {
                "base64-js": "^1.3.1",
                "ieee754": "^1.1.13"
            }
        },
        "buffer-equal-constant-time": {
            "version": "1.0.1",
            "resolved": "https://registry.npmjs.org/buffer-equal-constant-time/-/buffer-equal-constant-time-1.0.1.tgz",
            "integrity": "sha1-+OcRMvf/5uAaXJaXpMbz5I1cyBk="
        },
        "core-util-is": {
            "version": "1.0.2",
            "resolved": "https://registry.npmjs.org/core-util-is/-/core-util-is-1.0.2.tgz",
            "integrity": "sha1-tf1UIgqivFq1eqtxQMlAdUUDwac="
        },
        "crypto": {
            "version": "1.0.1",
            "resolved": "https://registry.npmjs.org/crypto/-/crypto-1.0.1.tgz",
            "integrity": "sha512-VxBKmeNcqQdiUQUW2Tzq0t377b54N2bMtXO/qiLa+6eRRmmC4qT3D4OnTGoT/U6O9aklQ/jTwbOtRMTTY8G0Ig=="
        },
        "debug": {
            "version": "3.1.0",
            "resolved": "https://registry.npmjs.org/debug/-/debug-3.1.0.tgz",
            "integrity": "sha512-OX8XqP7/1a9cqkxYw2yXss15f26NKWBpDXQd0/uK/KPqdQhxbPa994hnzjcE2VqQpDslf55723cKPUOGSmMY3g==",
            "requires": {
                "ms": "2.0.0"
            },
            "dependencies": {
                "ms": {
                    "version": "2.0.0",
                    "resolved": "https://registry.npmjs.org/ms/-/ms-2.0.0.tgz",
                    "integrity": "sha1-VgiurfwAvmwpAd9fmGF4jeDVl8g="
                }
            }
        },
        "denque": {
            "version": "1.5.0",
            "resolved": "https://registry.npmjs.org/denque/-/denque-1.5.0.tgz",
            "integrity": "sha512-CYiCSgIF1p6EUByQPlGkKnP1M9g0ZV3qMIrqMqZqdwazygIA/YP2vrbcyl1h/WppKJTdl1F85cXIle+394iDAQ=="
        },
        "ecdsa-sig-formatter": {
            "version": "1.0.11",
            "resolved": "https://registry.npmjs.org/ecdsa-sig-formatter/-/ecdsa-sig-formatter-1.0.11.tgz",
            "integrity": "sha512-nagl3RYrbNv6kQkeJIpt6NJZy8twLB/2vtz6yN9Z4vRKHN4/QZJIEbqohALSgwKdnksuY3k5Addp5lg8sVoVcQ==",
            "requires": {
                "safe-buffer": "^5.0.1"
            }
        },
        "eventsource": {
            "version": "1.0.7",
            "resolved": "https://registry.npmjs.org/eventsource/-/eventsource-1.0.7.tgz",
            "integrity": "sha512-4Ln17+vVT0k8aWq+t/bF5arcS3EpT9gYtW66EPacdj/mAFevznsnyoHLPy2BA8gbIQeIHoPsvwmfBftfcG//BQ==",
            "requires": {
                "original": "^1.0.0"
            }
        },
        "fs-extra": {
            "version": "6.0.1",
            "resolved": "https://registry.npmjs.org/fs-extra/-/fs-extra-6.0.1.tgz",
            "integrity": "sha512-GnyIkKhhzXZUWFCaJzvyDLEEgDkPfb4/TPvJCJVuS8MWZgoSsErf++QpiAlDnKFcqhRlm+tIOcencCjyJE6ZCA==",
            "requires": {
                "graceful-fs": "^4.1.2",
                "jsonfile": "^4.0.0",
                "universalify": "^0.1.0"
            }
        },
        "graceful-fs": {
            "version": "4.2.6",
            "resolved": "https://registry.npmjs.org/graceful-fs/-/graceful-fs-4.2.6.tgz",
            "integrity": "sha512-nTnJ528pbqxYanhpDYsi4Rd8MAeaBA67+RZ10CM1m3bTAVFEDcd5AuA4a6W5YkGZ1iNXHzZz8T6TBKLeBuNriQ=="
        },
        "ieee754": {
            "version": "1.2.1",
            "resolved": "https://registry.npmjs.org/ieee754/-/ieee754-1.2.1.tgz",
            "integrity": "sha512-dcyqhDvX1C46lXZcVqCpK+FtMRQVdIMN6/Df5js2zouUsqG7I6sFxitIC+7KYK29KdXOLHdu9zL4sFnoVQnqaA=="
        },
        "inherits": {
            "version": "2.0.4",
            "resolved": "https://registry.npmjs.org/inherits/-/inherits-2.0.4.tgz",
            "integrity": "sha512-k/vGaX4/Yla3WzyMCvTQOXYeIHvqOKtnqBduzTHpzpQZzAskKMhZ2K+EnBiSM9zGSoIFeMpXKxa4dYeZIQqewQ=="
        },
        "isarray": {
            "version": "1.0.0",
            "resolved": "https://registry.npmjs.org/isarray/-/isarray-1.0.0.tgz",
            "integrity": "sha1-u5NdSFgsuhaMBoNJV6VKPgcSTxE="
        },
        "jsonfile": {
            "version": "4.0.0",
            "resolved": "https://registry.npmjs.org/jsonfile/-/jsonfile-4.0.0.tgz",
            "integrity": "sha1-h3Gq4HmbZAdrdmQPygWPnBDjPss=",
            "requires": {
                "graceful-fs": "^4.1.6"
            }
        },
        "jsonwebtoken": {
            "version": "8.2.1",
            "resolved": "https://registry.npmjs.org/jsonwebtoken/-/jsonwebtoken-8.2.1.tgz",
            "integrity": "sha512-l8rUBr0fqYYwPc8/ZGrue7GiW7vWdZtZqelxo4Sd5lMvuEeCK8/wS54sEo6tJhdZ6hqfutsj6COgC0d1XdbHGw==",
            "requires": {
                "jws": "^3.1.4",
                "lodash.includes": "^4.3.0",
                "lodash.isboolean": "^3.0.3",
                "lodash.isinteger": "^4.0.4",
                "lodash.isnumber": "^3.0.3",
                "lodash.isplainobject": "^4.0.6",
                "lodash.isstring": "^4.0.1",
                "lodash.once": "^4.0.0",
                "ms": "^2.1.1",
                "xtend": "^4.0.1"
            }
        },
        "jwa": {
            "version": "1.4.1",
            "resolved": "https://registry.npmjs.org/jwa/-/jwa-1.4.1.tgz",
            "integrity": "sha512-qiLX/xhEEFKUAJ6FiBMbes3w9ATzyk5W7Hvzpa/SLYdxNtng+gcurvrI7TbACjIXlsJyr05/S1oUhZrc63evQA==",
            "requires": {
                "buffer-equal-constant-time": "1.0.1",
                "ecdsa-sig-formatter": "1.0.11",
                "safe-buffer": "^5.0.1"
            }
        },
        "jws": {
            "version": "3.2.2",
            "resolved": "https://registry.npmjs.org/jws/-/jws-3.2.2.tgz",
            "integrity": "sha512-YHlZCB6lMTllWDtSPHz/ZXTsi8S00usEV6v1tjq8tOUZzw7DpSDWVXjXDre6ed1w/pd495ODpHZYSdkRTsa0HA==",
            "requires": {
                "jwa": "^1.4.1",
                "safe-buffer": "^5.0.1"
            }
        },
        "kareem": {
            "version": "2.3.2",
            "resolved": "https://registry.npmjs.org/kareem/-/kareem-2.3.2.tgz",
            "integrity": "sha512-STHz9P7X2L4Kwn72fA4rGyqyXdmrMSdxqHx9IXon/FXluXieaFA6KJ2upcHAHxQPQ0LeM/OjLrhFxifHewOALQ=="
        },
        "lodash.includes": {
            "version": "4.3.0",
            "resolved": "https://registry.npmjs.org/lodash.includes/-/lodash.includes-4.3.0.tgz",
            "integrity": "sha1-YLuYqHy5I8aMoeUTJUgzFISfVT8="
        },
        "lodash.isboolean": {
            "version": "3.0.3",
            "resolved": "https://registry.npmjs.org/lodash.isboolean/-/lodash.isboolean-3.0.3.tgz",
            "integrity": "sha1-bC4XHbKiV82WgC/UOwGyDV9YcPY="
        },
        "lodash.isinteger": {
            "version": "4.0.4",
            "resolved": "https://registry.npmjs.org/lodash.isinteger/-/lodash.isinteger-4.0.4.tgz",
            "integrity": "sha1-YZwK89A/iwTDH1iChAt3sRzWg0M="
        },
        "lodash.isnumber": {
            "version": "3.0.3",
            "resolved": "https://registry.npmjs.org/lodash.isnumber/-/lodash.isnumber-3.0.3.tgz",
            "integrity": "sha1-POdoEMWSjQM1IwGsKHMX8RwLH/w="
        },
        "lodash.isplainobject": {
            "version": "4.0.6",
            "resolved": "https://registry.npmjs.org/lodash.isplainobject/-/lodash.isplainobject-4.0.6.tgz",
            "integrity": "sha1-fFJqUtibRcRcxpC4gWO+BJf1UMs="
        },
        "lodash.isstring": {
            "version": "4.0.1",
            "resolved": "https://registry.npmjs.org/lodash.isstring/-/lodash.isstring-4.0.1.tgz",
            "integrity": "sha1-1SfftUVuynzJu5XV2ur4i6VKVFE="
        },
        "lodash.once": {
            "version": "4.1.1",
            "resolved": "https://registry.npmjs.org/lodash.once/-/lodash.once-4.1.1.tgz",
            "integrity": "sha1-DdOXEhPHxW34gJd9UEyI+0cal6w="
        },
        "long": {
            "version": "4.0.0",
            "resolved": "https://registry.npmjs.org/long/-/long-4.0.0.tgz",
            "integrity": "sha512-XsP+KhQif4bjX1kbuSiySJFNAehNxgLb6hPRGJ9QsUr8ajHkuXGdrHmFUTUUXhDwVX2R5bY4JNZEwbUiMhV+MA=="
        },
        "memory-pager": {
            "version": "1.5.0",
            "resolved": "https://registry.npmjs.org/memory-pager/-/memory-pager-1.5.0.tgz",
            "integrity": "sha512-ZS4Bp4r/Zoeq6+NLJpP+0Zzm0pR8whtGPf1XExKLJBAczGMnSi3It14OiNCStjQjM6NU1okjQGSxgEZN8eBYKg==",
            "optional": true
        },
        "mongodb": {
            "version": "3.6.3",
            "resolved": "https://registry.npmjs.org/mongodb/-/mongodb-3.6.3.tgz",
            "integrity": "sha512-rOZuR0QkodZiM+UbQE5kDsJykBqWi0CL4Ec2i1nrGrUI3KO11r6Fbxskqmq3JK2NH7aW4dcccBuUujAP0ERl5w==",
            "requires": {
                "bl": "^2.2.1",
                "bson": "^1.1.4",
                "denque": "^1.4.1",
                "require_optional": "^1.0.1",
                "safe-buffer": "^5.1.2",
                "saslprep": "^1.0.0"
            }
        },
        "mongodb-stitch-core-sdk": {
            "version": "4.8.0",
            "resolved": "https://registry.npmjs.org/mongodb-stitch-core-sdk/-/mongodb-stitch-core-sdk-4.8.0.tgz",
            "integrity": "sha512-IK6Yh8mGsX7zzgbk6l/4xt8lxYORpEc/rWSaZoNo70h+u0gBcNlOes6TdlqYgzi5Q/mT0gqWI9jhInrg0IvnGQ==",
            "requires": {
                "base64-js": "^1.3.0",
                "bson": "4.0.2",
                "jsonwebtoken": "8.2.1"
            },
            "dependencies": {
                "bson": {
                    "version": "4.0.2",
                    "resolved": "https://registry.npmjs.org/bson/-/bson-4.0.2.tgz",
                    "integrity": "sha512-rBdCxMBCg2aR420e1oKUejjcuPZLTibA7zEhWAlliFWEwzuBCC9Dkp5r7VFFIQB2t1WVsvTbohry575mc7Xw5A==",
                    "requires": {
                        "buffer": "^5.1.0",
                        "long": "^4.0.0"
                    }
                }
            }
        },
        "mongodb-stitch-core-services-mongodb-remote": {
            "version": "4.8.0",
            "resolved": "https://registry.npmjs.org/mongodb-stitch-core-services-mongodb-remote/-/mongodb-stitch-core-services-mongodb-remote-4.8.0.tgz",
            "integrity": "sha512-sxhmUqXlcn5152vqyoN7tQnowNKMSHUVms0rXOWXMVoHGf5eK+kqhtuT4haz/daa0pwR9L50NKYBRxOLt3phRg==",
            "requires": {
                "bson": "4.0.2",
                "mongodb-stitch-core-sdk": "^4.8.0"
            },
            "dependencies": {
                "bson": {
                    "version": "4.0.2",
                    "resolved": "https://registry.npmjs.org/bson/-/bson-4.0.2.tgz",
                    "integrity": "sha512-rBdCxMBCg2aR420e1oKUejjcuPZLTibA7zEhWAlliFWEwzuBCC9Dkp5r7VFFIQB2t1WVsvTbohry575mc7Xw5A==",
                    "requires": {
                        "buffer": "^5.1.0",
                        "long": "^4.0.0"
                    }
                }
            }
        },
        "mongodb-stitch-server-core": {
            "version": "4.8.0",
            "resolved": "https://registry.npmjs.org/mongodb-stitch-server-core/-/mongodb-stitch-server-core-4.8.0.tgz",
            "integrity": "sha512-yRC32L6+QrOVYMbrNPN1EVA15SX5SIhBuAqbQymRUfFJdg2ZHviYtovZq39P0t9oOvIyNzA3oYBMT+PVUEZcSw==",
            "requires": {
                "bson": "4.0.2",
                "eventsource": "1.0.7",
                "fs-extra": "^6.0.1",
                "mongodb-stitch-core-sdk": "^4.8.0",
                "node-fetch": "^2.3.0"
            },
            "dependencies": {
                "bson": {
                    "version": "4.0.2",
                    "resolved": "https://registry.npmjs.org/bson/-/bson-4.0.2.tgz",
                    "integrity": "sha512-rBdCxMBCg2aR420e1oKUejjcuPZLTibA7zEhWAlliFWEwzuBCC9Dkp5r7VFFIQB2t1WVsvTbohry575mc7Xw5A==",
                    "requires": {
                        "buffer": "^5.1.0",
                        "long": "^4.0.0"
                    }
                }
            }
        },
        "mongodb-stitch-server-sdk": {
            "version": "4.8.0",
            "resolved": "https://registry.npmjs.org/mongodb-stitch-server-sdk/-/mongodb-stitch-server-sdk-4.8.0.tgz",
            "integrity": "sha512-nuxYmvuTo7LtIKutciqflcctlTkGRFRUPv8Wvup2FOF9GFxaYUDxWryyiqdKt3OdyFgVnFTyXscxOF6SmzG91Q==",
            "requires": {
                "mongodb-stitch-server-core": "^4.8.0",
                "mongodb-stitch-server-services-mongodb-remote": "^4.8.0"
            }
        },
        "mongodb-stitch-server-services-mongodb-remote": {
            "version": "4.8.0",
            "resolved": "https://registry.npmjs.org/mongodb-stitch-server-services-mongodb-remote/-/mongodb-stitch-server-services-mongodb-remote-4.8.0.tgz",
            "integrity": "sha512-15YVkcYrwx1QpPMMMto3BVXMm6jtK5eqRk9FlfbqADANqMNLhUbUK7wJjYjz2BRtmYxgFThSiOb98vuU4Zryrw==",
            "requires": {
                "mongodb-stitch-core-services-mongodb-remote": "^4.8.0",
                "mongodb-stitch-server-core": "^4.8.0"
            }
        },
        "mongoose": {
            "version": "5.11.15",
            "resolved": "https://registry.npmjs.org/mongoose/-/mongoose-5.11.15.tgz",
            "integrity": "sha512-8T4bT6eCGB7MqCm40oVhnhT/1AyAdwe+y1rYUhdl3ljsks3BpYz8whZgcMkIoh6VoCCjipOXRqZqdk1UByvlYA==",
            "requires": {
                "@types/mongodb": "^3.5.27",
                "bson": "^1.1.4",
                "kareem": "2.3.2",
                "mongodb": "3.6.3",
                "mongoose-legacy-pluralize": "1.0.2",
                "mpath": "0.8.3",
                "mquery": "3.2.3",
                "ms": "2.1.2",
                "regexp-clone": "1.0.0",
                "safe-buffer": "5.2.1",
                "sift": "7.0.1",
                "sliced": "1.0.1"
            }
        },
        "mongoose-legacy-pluralize": {
            "version": "1.0.2",
            "resolved": "https://registry.npmjs.org/mongoose-legacy-pluralize/-/mongoose-legacy-pluralize-1.0.2.tgz",
            "integrity": "sha512-Yo/7qQU4/EyIS8YDFSeenIvXxZN+ld7YdV9LqFVQJzTLye8unujAWPZ4NWKfFA+RNjh+wvTWKY9Z3E5XM6ZZiQ=="
        },
        "mpath": {
            "version": "0.8.3",
            "resolved": "https://registry.npmjs.org/mpath/-/mpath-0.8.3.tgz",
            "integrity": "sha512-eb9rRvhDltXVNL6Fxd2zM9D4vKBxjVVQNLNijlj7uoXUy19zNDsIif5zR+pWmPCWNKwAtqyo4JveQm4nfD5+eA=="
        },
        "mquery": {
            "version": "3.2.3",
            "resolved": "https://registry.npmjs.org/mquery/-/mquery-3.2.3.tgz",
            "integrity": "sha512-cIfbP4TyMYX+SkaQ2MntD+F2XbqaBHUYWk3j+kqdDztPWok3tgyssOZxMHMtzbV1w9DaSlvEea0Iocuro41A4g==",
            "requires": {
                "bluebird": "3.5.1",
                "debug": "3.1.0",
                "regexp-clone": "^1.0.0",
                "safe-buffer": "5.1.2",
                "sliced": "1.0.1"
            },
            "dependencies": {
                "safe-buffer": {
                    "version": "5.1.2",
                    "resolved": "https://registry.npmjs.org/safe-buffer/-/safe-buffer-5.1.2.tgz",
                    "integrity": "sha512-Gd2UZBJDkXlY7GbJxfsE8/nvKkUEU1G38c1siN6QP6a9PT9MmHB8GnpscSmMJSoF8LOIrt8ud/wPtojys4G6+g=="
                }
            }
        },
        "ms": {
            "version": "2.1.2",
            "resolved": "https://registry.npmjs.org/ms/-/ms-2.1.2.tgz",
            "integrity": "sha512-sGkPx+VjMtmA6MX27oA4FBFELFCZZ4S4XqeGOXCv68tT+jb3vk/RyaKWP0PTKyWtmLSM0b+adUTEvbs1PEaH2w=="
        },
        "node-fetch": {
            "version": "2.6.1",
            "resolved": "https://registry.npmjs.org/node-fetch/-/node-fetch-2.6.1.tgz",
            "integrity": "sha512-V4aYg89jEoVRxRb2fJdAg8FHvI7cEyYdVAh94HH0UIK8oJxUfkjlDQN9RbMx+bEjP7+ggMiFRprSti032Oipxw=="
        },
        "original": {
            "version": "1.0.2",
            "resolved": "https://registry.npmjs.org/original/-/original-1.0.2.tgz",
            "integrity": "sha512-hyBVl6iqqUOJ8FqRe+l/gS8H+kKYjrEndd5Pm1MfBtsEKA038HkkdbAl/72EAXGyonD/PFsvmVG+EvcIpliMBg==",
            "requires": {
                "url-parse": "^1.4.3"
            }
        },
        "process-nextick-args": {
            "version": "2.0.1",
            "resolved": "https://registry.npmjs.org/process-nextick-args/-/process-nextick-args-2.0.1.tgz",
            "integrity": "sha512-3ouUOpQhtgrbOa17J7+uxOTpITYWaGP7/AhoR3+A+/1e9skrzelGi/dXzEYyvbxubEF6Wn2ypscTKiKJFFn1ag=="
        },
        "querystringify": {
            "version": "2.2.0",
            "resolved": "https://registry.npmjs.org/querystringify/-/querystringify-2.2.0.tgz",
            "integrity": "sha512-FIqgj2EUvTa7R50u0rGsyTftzjYmv/a3hO345bZNrqabNqjtgiDMgmo4mkUjd+nzU5oF3dClKqFIPUKybUyqoQ=="
        },
        "readable-stream": {
            "version": "2.3.7",
            "resolved": "https://registry.npmjs.org/readable-stream/-/readable-stream-2.3.7.tgz",
            "integrity": "sha512-Ebho8K4jIbHAxnuxi7o42OrZgF/ZTNcsZj6nRKyUmkhLFq8CHItp/fy6hQZuZmP/n3yZ9VBUbp4zz/mX8hmYPw==",
            "requires": {
                "core-util-is": "~1.0.0",
                "inherits": "~2.0.3",
                "isarray": "~1.0.0",
                "process-nextick-args": "~2.0.0",
                "safe-buffer": "~5.1.1",
                "string_decoder": "~1.1.1",
                "util-deprecate": "~1.0.1"
            },
            "dependencies": {
                "safe-buffer": {
                    "version": "5.1.2",
                    "resolved": "https://registry.npmjs.org/safe-buffer/-/safe-buffer-5.1.2.tgz",
                    "integrity": "sha512-Gd2UZBJDkXlY7GbJxfsE8/nvKkUEU1G38c1siN6QP6a9PT9MmHB8GnpscSmMJSoF8LOIrt8ud/wPtojys4G6+g=="
                }
            }
        },
        "regexp-clone": {
            "version": "1.0.0",
            "resolved": "https://registry.npmjs.org/regexp-clone/-/regexp-clone-1.0.0.tgz",
            "integrity": "sha512-TuAasHQNamyyJ2hb97IuBEif4qBHGjPHBS64sZwytpLEqtBQ1gPJTnOaQ6qmpET16cK14kkjbazl6+p0RRv0yw=="
        },
        "require_optional": {
            "version": "1.0.1",
            "resolved": "https://registry.npmjs.org/require_optional/-/require_optional-1.0.1.tgz",
            "integrity": "sha512-qhM/y57enGWHAe3v/NcwML6a3/vfESLe/sGM2dII+gEO0BpKRUkWZow/tyloNqJyN6kXSl3RyyM8Ll5D/sJP8g==",
            "requires": {
                "resolve-from": "^2.0.0",
                "semver": "^5.1.0"
            }
        },
        "requires-port": {
            "version": "1.0.0",
            "resolved": "https://registry.npmjs.org/requires-port/-/requires-port-1.0.0.tgz",
            "integrity": "sha1-kl0mAdOaxIXgkc8NpcbmlNw9yv8="
        },
        "resolve-from": {
            "version": "2.0.0",
            "resolved": "https://registry.npmjs.org/resolve-from/-/resolve-from-2.0.0.tgz",
            "integrity": "sha1-lICrIOlP+h2egKgEx+oUdhGWa1c="
        },
        "safe-buffer": {
            "version": "5.2.1",
            "resolved": "https://registry.npmjs.org/safe-buffer/-/safe-buffer-5.2.1.tgz",
            "integrity": "sha512-rp3So07KcdmmKbGvgaNxQSJr7bGVSVk5S9Eq1F+ppbRo70+YeaDxkw5Dd8NPN+GD6bjnYm2VuPuCXmpuYvmCXQ=="
        },
        "saslprep": {
            "version": "1.0.3",
            "resolved": "https://registry.npmjs.org/saslprep/-/saslprep-1.0.3.tgz",
            "integrity": "sha512-/MY/PEMbk2SuY5sScONwhUDsV2p77Znkb/q3nSVstq/yQzYJOH/Azh29p9oJLsl3LnQwSvZDKagDGBsBwSooag==",
            "optional": true,
            "requires": {
                "sparse-bitfield": "^3.0.3"
            }
        },
        "semver": {
            "version": "5.7.1",
            "resolved": "https://registry.npmjs.org/semver/-/semver-5.7.1.tgz",
            "integrity": "sha512-sauaDf/PZdVgrLTNYHRtpXa1iRiKcaebiKQ1BJdpQlWH2lCvexQdX55snPFyK7QzpudqbCI0qXFfOasHdyNDGQ=="
        },
        "sift": {
            "version": "7.0.1",
            "resolved": "https://registry.npmjs.org/sift/-/sift-7.0.1.tgz",
            "integrity": "sha512-oqD7PMJ+uO6jV9EQCl0LrRw1OwsiPsiFQR5AR30heR+4Dl7jBBbDLnNvWiak20tzZlSE1H7RB30SX/1j/YYT7g=="
        },
        "sliced": {
            "version": "1.0.1",
            "resolved": "https://registry.npmjs.org/sliced/-/sliced-1.0.1.tgz",
            "integrity": "sha1-CzpmK10Ewxd7GSa+qCsD+Dei70E="
        },
        "sparse-bitfield": {
            "version": "3.0.3",
            "resolved": "https://registry.npmjs.org/sparse-bitfield/-/sparse-bitfield-3.0.3.tgz",
            "integrity": "sha1-/0rm5oZWBWuks+eSqzM004JzyhE=",
            "optional": true,
            "requires": {
                "memory-pager": "^1.0.2"
            }
        },
        "string_decoder": {
            "version": "1.1.1",
            "resolved": "https://registry.npmjs.org/string_decoder/-/string_decoder-1.1.1.tgz",
            "integrity": "sha512-n/ShnvDi6FHbbVfviro+WojiFzv+s8MPMHBczVePfUpDJLwoLT0ht1l4YwBCbi8pJAveEEdnkHyPyTP/mzRfwg==",
            "requires": {
                "safe-buffer": "~5.1.0"
            },
            "dependencies": {
                "safe-buffer": {
                    "version": "5.1.2",
                    "resolved": "https://registry.npmjs.org/safe-buffer/-/safe-buffer-5.1.2.tgz",
                    "integrity": "sha512-Gd2UZBJDkXlY7GbJxfsE8/nvKkUEU1G38c1siN6QP6a9PT9MmHB8GnpscSmMJSoF8LOIrt8ud/wPtojys4G6+g=="
                }
            }
        },
        "universalify": {
            "version": "0.1.2",
            "resolved": "https://registry.npmjs.org/universalify/-/universalify-0.1.2.tgz",
            "integrity": "sha512-rBJeI5CXAlmy1pV+617WB9J63U6XcazHHF2f2dbJix4XzpUF0RS3Zbj0FGIOCAva5P/d/GBOYaACQ1w+0azUkg=="
        },
        "url-parse": {
            "version": "1.5.1",
            "resolved": "https://registry.npmjs.org/url-parse/-/url-parse-1.5.1.tgz",
            "integrity": "sha512-HOfCOUJt7iSYzEx/UqgtwKRMC6EU91NFhsCHMv9oM03VJcVo2Qrp8T8kI9D7amFf1cu+/3CEhgb3rF9zL7k85Q==",
            "requires": {
                "querystringify": "^2.1.1",
                "requires-port": "^1.0.0"
            }
        },
        "util-deprecate": {
            "version": "1.0.2",
            "resolved": "https://registry.npmjs.org/util-deprecate/-/util-deprecate-1.0.2.tgz",
            "integrity": "sha1-RQ1Nyfpw3nMnYvvS1KKJgUGaDM8="
        },
        "uuidv1": {
            "version": "1.6.14",
            "resolved": "https://registry.npmjs.org/uuidv1/-/uuidv1-1.6.14.tgz",
            "integrity": "sha512-34FVVCDDHzzcOglmrKbZP99+8/6StEzo3VU3MuKw0Mo0B/YBQ1bWNQU8s79ofNnrPlfI+7A9pkAdhmQ6CyLHFg=="
        },
        "xtend": {
            "version": "4.0.2",
            "resolved": "https://registry.npmjs.org/xtend/-/xtend-4.0.2.tgz",
            "integrity": "sha512-LKYU1iAXJXUgAXn9URjiu+MWhyUXHsvfp7mcuYm9dSUKK0/CjtrUwFAxD82/mCWbtLsGjFIad0wIsod4zrTAEQ=="
        }
    }
}
